
Microsoft Visual Studio Solution File, Format Version 12.00
# Visual Studio Version 17
VisualStudioVersion = 17.8.34330.188
MinimumVisualStudioVersion = 10.0.40219.1
Project("{FAE04EC0-301F-11D3-BF4B-00C04F79EFBC}") = "TarotBooking", "TarotBooking\TarotBooking.csproj", "{560E915E-3D76-4CD0-9C20-9046A845DB33}"
EndProject
Global
	GlobalSection(SolutionConfigurationPlatforms) = preSolution
		Debug|Any CPU = Debug|Any CPU
		Release|Any CPU = Release|Any CPU
	EndGlobalSection
	GlobalSection(ProjectConfigurationPlatforms) = postSolution
		{560E915E-3D76-4CD0-9C20-9046A845DB33}.Debug|Any CPU.ActiveCfg = Debug|Any CPU
		{560E915E-3D76-4CD0-9C20-9046A845DB33}.Debug|Any CPU.Build.0 = Debug|Any CPU
		{560E915E-3D76-4CD0-9C20-9046A845DB33}.Release|Any CPU.ActiveCfg = Release|Any CPU
		{560E915E-3D76-4CD0-9C20-9046A845DB33}.Release|Any CPU.Build.0 = Release|Any CPU
	EndGlobalSection
	GlobalSection(SolutionProperties) = preSolution
		HideSolutionNode = FALSE
	EndGlobalSection
	GlobalSection(ExtensibilityGlobals) = postSolution
		SolutionGuid = {2C694440-45BA-4467-A0CB-D1420299832F}
	EndGlobalSection
EndGlobal
